
Microsoft Visual Studio Solution File, Format Version 12.00
# Visual Studio 15
VisualStudioVersion = 15.0.28010.2046
MinimumVisualStudioVersion = 10.0.40219.1
Project("{FAE04EC0-301F-11D3-BF4B-00C04F79EFBC}") = "FluentApiLesson", "FluentApiLesson\FluentApiLesson.csproj", "{46C65252-9DC3-43E7-8B99-9119780C901F}"
EndProject
Global
	GlobalSection(SolutionConfigurationPlatforms) = preSolution
		Debug|Any CPU = Debug|Any CPU
		Release|Any CPU = Release|Any CPU
	EndGlobalSection
	GlobalSection(ProjectConfigurationPlatforms) = postSolution
		{46C65252-9DC3-43E7-8B99-9119780C901F}.Debug|Any CPU.ActiveCfg = Debug|Any CPU
		{46C65252-9DC3-43E7-8B99-9119780C901F}.Debug|Any CPU.Build.0 = Debug|Any CPU
		{46C65252-9DC3-43E7-8B99-9119780C901F}.Release|Any CPU.ActiveCfg = Release|Any CPU
		{46C65252-9DC3-43E7-8B99-9119780C901F}.Release|Any CPU.Build.0 = Release|Any CPU
	EndGlobalSection
	GlobalSection(SolutionProperties) = preSolution
		HideSolutionNode = FALSE
	EndGlobalSection
	GlobalSection(ExtensibilityGlobals) = postSolution
		SolutionGuid = {8561BF88-5DFB-414D-90BE-87D032BD4C42}
	EndGlobalSection
EndGlobal
